
Microsoft Visual Studio Solution File, Format Version 12.00
# Visual Studio Version 17
VisualStudioVersion = 17.1.32328.378
MinimumVisualStudioVersion = 10.0.40219.1
Project("{9A19103F-16F7-4668-BE54-9A1E7A4F7556}") = "BlazorWalkingSkeleton.Server", "BlazorWalkingSkeleton\Server\BlazorWalkingSkeleton.Server.csproj", "{C973FE9E-A7D0-475B-9F32-D1335BE00D09}"
EndProject
Project("{9A19103F-16F7-4668-BE54-9A1E7A4F7556}") = "BlazorWalkingSkeleton.Client", "BlazorWalkingSkeleton\Client\BlazorWalkingSkeleton.Client.csproj", "{EC67BDC2-514E-40BF-AEFE-80933324CB74}"
EndProject
Project("{9A19103F-16F7-4668-BE54-9A1E7A4F7556}") = "BlazorWalkingSkeleton.Shared", "BlazorWalkingSkeleton\Shared\BlazorWalkingSkeleton.Shared.csproj", "{CF15F15B-A2B1-4E25-B206-71EDF16D3B7B}"
EndProject
Global
	GlobalSection(SolutionConfigurationPlatforms) = preSolution
		Debug|Any CPU = Debug|Any CPU
		Release|Any CPU = Release|Any CPU
	EndGlobalSection
	GlobalSection(ProjectConfigurationPlatforms) = postSolution
		{C973FE9E-A7D0-475B-9F32-D1335BE00D09}.Debug|Any CPU.ActiveCfg = Debug|Any CPU
		{C973FE9E-A7D0-475B-9F32-D1335BE00D09}.Debug|Any CPU.Build.0 = Debug|Any CPU
		{C973FE9E-A7D0-475B-9F32-D1335BE00D09}.Release|Any CPU.ActiveCfg = Release|Any CPU
		{C973FE9E-A7D0-475B-9F32-D1335BE00D09}.Release|Any CPU.Build.0 = Release|Any CPU
		{EC67BDC2-514E-40BF-AEFE-80933324CB74}.Debug|Any CPU.ActiveCfg = Debug|Any CPU
		{EC67BDC2-514E-40BF-AEFE-80933324CB74}.Debug|Any CPU.Build.0 = Debug|Any CPU
		{EC67BDC2-514E-40BF-AEFE-80933324CB74}.Release|Any CPU.ActiveCfg = Release|Any CPU
		{EC67BDC2-514E-40BF-AEFE-80933324CB74}.Release|Any CPU.Build.0 = Release|Any CPU
		{CF15F15B-A2B1-4E25-B206-71EDF16D3B7B}.Debug|Any CPU.ActiveCfg = Debug|Any CPU
		{CF15F15B-A2B1-4E25-B206-71EDF16D3B7B}.Debug|Any CPU.Build.0 = Debug|Any CPU
		{CF15F15B-A2B1-4E25-B206-71EDF16D3B7B}.Release|Any CPU.ActiveCfg = Release|Any CPU
		{CF15F15B-A2B1-4E25-B206-71EDF16D3B7B}.Release|Any CPU.Build.0 = Release|Any CPU
	EndGlobalSection
	GlobalSection(SolutionProperties) = preSolution
		HideSolutionNode = FALSE
	EndGlobalSection
	GlobalSection(ExtensibilityGlobals) = postSolution
		SolutionGuid = {46AE033C-903A-4458-87BC-50A463061345}
	EndGlobalSection
EndGlobal
